
Microsoft Visual Studio Solution File, Format Version 12.00
# Visual Studio Version 16
VisualStudioVersion = 16.0.33328.57
MinimumVisualStudioVersion = 10.0.40219.1
Project("{FAE04EC0-301F-11D3-BF4B-00C04F79EFBC}") = "Task_1_server", "Task_1_server\Task_1_server.csproj", "{5EF645D3-1BD8-4239-9AD8-08246F92BAEE}"
EndProject
Project("{FAE04EC0-301F-11D3-BF4B-00C04F79EFBC}") = "Task_1_client", "Task_1_client\Task_1_client.csproj", "{7DEBDBB3-11E4-4B5F-BF70-C667E3C6307C}"
EndProject
Global
	GlobalSection(SolutionConfigurationPlatforms) = preSolution
		Debug|Any CPU = Debug|Any CPU
		Release|Any CPU = Release|Any CPU
	EndGlobalSection
	GlobalSection(ProjectConfigurationPlatforms) = postSolution
		{5EF645D3-1BD8-4239-9AD8-08246F92BAEE}.Debug|Any CPU.ActiveCfg = Debug|Any CPU
		{5EF645D3-1BD8-4239-9AD8-08246F92BAEE}.Debug|Any CPU.Build.0 = Debug|Any CPU
		{5EF645D3-1BD8-4239-9AD8-08246F92BAEE}.Release|Any CPU.ActiveCfg = Release|Any CPU
		{5EF645D3-1BD8-4239-9AD8-08246F92BAEE}.Release|Any CPU.Build.0 = Release|Any CPU
		{7DEBDBB3-11E4-4B5F-BF70-C667E3C6307C}.Debug|Any CPU.ActiveCfg = Debug|Any CPU
		{7DEBDBB3-11E4-4B5F-BF70-C667E3C6307C}.Debug|Any CPU.Build.0 = Debug|Any CPU
		{7DEBDBB3-11E4-4B5F-BF70-C667E3C6307C}.Release|Any CPU.ActiveCfg = Release|Any CPU
		{7DEBDBB3-11E4-4B5F-BF70-C667E3C6307C}.Release|Any CPU.Build.0 = Release|Any CPU
	EndGlobalSection
	GlobalSection(SolutionProperties) = preSolution
		HideSolutionNode = FALSE
	EndGlobalSection
	GlobalSection(ExtensibilityGlobals) = postSolution
		SolutionGuid = {5154DB2C-56E1-4A38-933F-B5D894A4EBA3}
	EndGlobalSection
EndGlobal
